// !$*UTF8*$!
{
	archiveVersion = 1;
	classes = {
	};
	objectVersion = 55;
	objects = {

/* Begin PBXBuildFile section */
		61EA31A9275A247500AF136E /* ExamplesApp.swift in Sources */ = {isa = PBXBuildFile; fileRef = 61EA31A8275A247500AF136E /* ExamplesApp.swift */; };
		61EA31AB275A247500AF136E /* ContentView.swift in Sources */ = {isa = PBXBuildFile; fileRef = 61EA31AA275A247500AF136E /* ContentView.swift */; };
		61EA31AD275A247600AF136E /* Assets.xcassets in Resources */ = {isa = PBXBuildFile; fileRef = 61EA31AC275A247600AF136E /* Assets.xcassets */; };
		61EA31C5275A267D00AF136E /* UIImageView+Previews.swift in Sources */ = {isa = PBXBuildFile; fileRef = 61EA31C1275A267C00AF136E /* UIImageView+Previews.swift */; };
		61EA31C6275A267D00AF136E /* UILabel+Previews.swift in Sources */ = {isa = PBXBuildFile; fileRef = 61EA31C2275A267C00AF136E /* UILabel+Previews.swift */; };
		61EA31C7275A267D00AF136E /* CustomUIView+Previews.swift in Sources */ = {isa = PBXBuildFile; fileRef = 61EA31C3275A267C00AF136E /* CustomUIView+Previews.swift */; };
		61EA31C8275A267D00AF136E /* UISlider+Previews.swift in Sources */ = {isa = PBXBuildFile; fileRef = 61EA31C4275A267D00AF136E /* UISlider+Previews.swift */; };
		61EA31D2275A2A1400AF136E /* UIViewPreview in Frameworks */ = {isa = PBXBuildFile; productRef = 61EA31D1275A2A1400AF136E /* UIViewPreview */; };
		61EA31D4275A2A5000AF136E /* Fiddler.swift in Sources */ = {isa = PBXBuildFile; fileRef = 61EA31D3275A2A5000AF136E /* Fiddler.swift */; };
		61EA31D6275A31FF00AF136E /* SizeGetter.swift in Sources */ = {isa = PBXBuildFile; fileRef = 61EA31D5275A31FF00AF136E /* SizeGetter.swift */; };
/* End PBXBuildFile section */

/* Begin PBXFileReference section */
		61EA31A5275A247500AF136E /* Examples.app */ = {isa = PBXFileReference; explicitFileType = wrapper.application; includeInIndex = 0; path = Examples.app; sourceTree = BUILT_PRODUCTS_DIR; };
		61EA31A8275A247500AF136E /* ExamplesApp.swift */ = {isa = PBXFileReference; lastKnownFileType = sourcecode.swift; path = ExamplesApp.swift; sourceTree = "<group>"; };
		61EA31AA275A247500AF136E /* ContentView.swift */ = {isa = PBXFileReference; lastKnownFileType = sourcecode.swift; path = ContentView.swift; sourceTree = "<group>"; };
		61EA31AC275A247600AF136E /* Assets.xcassets */ = {isa = PBXFileReference; lastKnownFileType = folder.assetcatalog; path = Assets.xcassets; sourceTree = "<group>"; };
		61EA31C1275A267C00AF136E /* UIImageView+Previews.swift */ = {isa = PBXFileReference; fileEncoding = 4; lastKnownFileType = sourcecode.swift; path = "UIImageView+Previews.swift"; sourceTree = "<group>"; };
		61EA31C2275A267C00AF136E /* UILabel+Previews.swift */ = {isa = PBXFileReference; fileEncoding = 4; lastKnownFileType = sourcecode.swift; path = "UILabel+Previews.swift"; sourceTree = "<group>"; };
		61EA31C3275A267C00AF136E /* CustomUIView+Previews.swift */ = {isa = PBXFileReference; fileEncoding = 4; lastKnownFileType = sourcecode.swift; path = "CustomUIView+Previews.swift"; sourceTree = "<group>"; };
		61EA31C4275A267D00AF136E /* UISlider+Previews.swift */ = {isa = PBXFileReference; fileEncoding = 4; lastKnownFileType = sourcecode.swift; path = "UISlider+Previews.swift"; sourceTree = "<group>"; };
		61EA31CF275A2A0A00AF136E /* UIViewPreview */ = {isa = PBXFileReference; lastKnownFileType = folder; name = UIViewPreview; path = ../..; sourceTree = "<group>"; };
		61EA31D3275A2A5000AF136E /* Fiddler.swift */ = {isa = PBXFileReference; fileEncoding = 4; lastKnownFileType = sourcecode.swift; path = Fiddler.swift; sourceTree = "<group>"; };
		61EA31D5275A31FF00AF136E /* SizeGetter.swift */ = {isa = PBXFileReference; fileEncoding = 4; lastKnownFileType = sourcecode.swift; path = SizeGetter.swift; sourceTree = "<group>"; };
/* End PBXFileReference section */

/* Begin PBXFrameworksBuildPhase section */
		61EA31A2275A247500AF136E /* Frameworks */ = {
			isa = PBXFrameworksBuildPhase;
			buildActionMask = 2147483647;
			files = (
				61EA31D2275A2A1400AF136E /* UIViewPreview in Frameworks */,
			);
			runOnlyForDeploymentPostprocessing = 0;
		};
/* End PBXFrameworksBuildPhase section */

/* Begin PBXGroup section */
		61EA319C275A247500AF136E = {
			isa = PBXGroup;
			children = (
				61EA31A7275A247500AF136E /* Sources */,
				61EA31C9275A273A00AF136E /* Packages */,
				61EA31A6275A247500AF136E /* Products */,
				61EA31D0275A2A1400AF136E /* Frameworks */,
			);
			sourceTree = "<group>";
		};
		61EA31A6275A247500AF136E /* Products */ = {
			isa = PBXGroup;
			children = (
				61EA31A5275A247500AF136E /* Examples.app */,
			);
			name = Products;
			sourceTree = "<group>";
		};
		61EA31A7275A247500AF136E /* Sources */ = {
			isa = PBXGroup;
			children = (
				61EA31D5275A31FF00AF136E /* SizeGetter.swift */,
				61EA31D3275A2A5000AF136E /* Fiddler.swift */,
				61EA31C3275A267C00AF136E /* CustomUIView+Previews.swift */,
				61EA31C1275A267C00AF136E /* UIImageView+Previews.swift */,
				61EA31C2275A267C00AF136E /* UILabel+Previews.swift */,
				61EA31C4275A267D00AF136E /* UISlider+Previews.swift */,
				61EA31A8275A247500AF136E /* ExamplesApp.swift */,
				61EA31AA275A247500AF136E /* ContentView.swift */,
				61EA31AC275A247600AF136E /* Assets.xcassets */,
			);
			path = Sources;
			sourceTree = "<group>";
		};
		61EA31C9275A273A00AF136E /* Packages */ = {
			isa = PBXGroup;
			children = (
				61EA31CF275A2A0A00AF136E /* UIViewPreview */,
			);
			name = Packages;
			sourceTree = "<group>";
		};
		61EA31D0275A2A1400AF136E /* Frameworks */ = {
			isa = PBXGroup;
			children = (
			);
			name = Frameworks;
			sourceTree = "<group>";
		};
/* End PBXGroup section */

/* Begin PBXNativeTarget section */
		61EA31A4275A247500AF136E /* Examples */ = {
			isa = PBXNativeTarget;
			buildConfigurationList = 61EA31B3275A247600AF136E /* Build configuration list for PBXNativeTarget "Examples" */;
			buildPhases = (
				61EA31A1275A247500AF136E /* Sources */,
				61EA31A2275A247500AF136E /* Frameworks */,
				61EA31A3275A247500AF136E /* Resources */,
			);
			buildRules = (
			);
			dependencies = (
			);
			name = Examples;
			packageProductDependencies = (
				61EA31D1275A2A1400AF136E /* UIViewPreview */,
			);
			productName = Examples;
			productReference = 61EA31A5275A247500AF136E /* Examples.app */;
			productType = "com.apple.product-type.application";
		};
/* End PBXNativeTarget section */

/* Begin PBXProject section */
		61EA319D275A247500AF136E /* Project object */ = {
			isa = PBXProject;
			attributes = {
				BuildIndependentTargetsInParallel = 1;
				LastSwiftUpdateCheck = 1310;
				LastUpgradeCheck = 1310;
				TargetAttributes = {
					61EA31A4275A247500AF136E = {
						CreatedOnToolsVersion = 13.1;
					};
				};
			};
			buildConfigurationList = 61EA31A0275A247500AF136E /* Build configuration list for PBXProject "Examples" */;
			compatibilityVersion = "Xcode 13.0";
			developmentRegion = en;
			hasScannedForEncodings = 0;
			knownRegions = (
				en,
				Base,
			);
			mainGroup = 61EA319C275A247500AF136E;
			productRefGroup = 61EA31A6275A247500AF136E /* Products */;
			projectDirPath = "";
			projectRoot = "";
			targets = (
				61EA31A4275A247500AF136E /* Examples */,
			);
		};
/* End PBXProject section */

/* Begin PBXResourcesBuildPhase section */
		61EA31A3275A247500AF136E /* Resources */ = {
			isa = PBXResourcesBuildPhase;
			buildActionMask = 2147483647;
			files = (
				61EA31AD275A247600AF136E /* Assets.xcassets in Resources */,
			);
			runOnlyForDeploymentPostprocessing = 0;
		};
/* End PBXResourcesBuildPhase section */

/* Begin PBXSourcesBuildPhase section */
		61EA31A1275A247500AF136E /* Sources */ = {
			isa = PBXSourcesBuildPhase;
			buildActionMask = 2147483647;
			files = (
				61EA31C5275A267D00AF136E /* UIImageView+Previews.swift in Sources */,
				61EA31D6275A31FF00AF136E /* SizeGetter.swift in Sources */,
				61EA31AB275A247500AF136E /* ContentView.swift in Sources */,
				61EA31C7275A267D00AF136E /* CustomUIView+Previews.swift in Sources */,
				61EA31A9275A247500AF136E /* ExamplesApp.swift in Sources */,
				61EA31C6275A267D00AF136E /* UILabel+Previews.swift in Sources */,
				61EA31D4275A2A5000AF136E /* Fiddler.swift in Sources */,
				61EA31C8275A267D00AF136E /* UISlider+Previews.swift in Sources */,
			);
			runOnlyForDeploymentPostprocessing = 0;
		};
/* End PBXSourcesBuildPhase section */

/* Begin XCBuildConfiguration section */
		61EA31B1275A247600AF136E /* Debug */ = {
			isa = XCBuildConfiguration;
			buildSettings = {
				ALWAYS_SEARCH_USER_PATHS = NO;
				CLANG_ANALYZER_NONNULL = YES;
				CLANG_ANALYZER_NUMBER_OBJECT_CONVERSION = YES_AGGRESSIVE;
				CLANG_CXX_LANGUAGE_STANDARD = "gnu++17";
				CLANG_CXX_LIBRARY = "libc++";
				CLANG_ENABLE_MODULES = YES;
				CLANG_ENABLE_OBJC_ARC = YES;
				CLANG_ENABLE_OBJC_WEAK = YES;
				CLANG_WARN_BLOCK_CAPTURE_AUTORELEASING = YES;
				CLANG_WARN_BOOL_CONVERSION = YES;
				CLANG_WARN_COMMA = YES;
				CLANG_WARN_CONSTANT_CONVERSION = YES;
				CLANG_WARN_DEPRECATED_OBJC_IMPLEMENTATIONS = YES;
				CLANG_WARN_DIRECT_OBJC_ISA_USAGE = YES_ERROR;
				CLANG_WARN_DOCUMENTATION_COMMENTS = YES;
				CLANG_WARN_EMPTY_BODY = YES;
				CLANG_WARN_ENUM_CONVERSION = YES;
				CLANG_WARN_INFINITE_RECURSION = YES;
				CLANG_WARN_INT_CONVERSION = YES;
				CLANG_WARN_NON_LITERAL_NULL_CONVERSION = YES;
				CLANG_WARN_OBJC_IMPLICIT_RETAIN_SELF = YES;
				CLANG_WARN_OBJC_LITERAL_CONVERSION = YES;
				CLANG_WARN_OBJC_ROOT_CLASS = YES_ERROR;
				CLANG_WARN_QUOTED_INCLUDE_IN_FRAMEWORK_HEADER = YES;
				CLANG_WARN_RANGE_LOOP_ANALYSIS = YES;
				CLANG_WARN_STRICT_PROTOTYPES = YES;
				CLANG_WARN_SUSPICIOUS_MOVE = YES;
				CLANG_WARN_UNGUARDED_AVAILABILITY = YES_AGGRESSIVE;
				CLANG_WARN_UNREACHABLE_CODE = YES;
				CLANG_WARN__DUPLICATE_METHOD_MATCH = YES;
				COPY_PHASE_STRIP = NO;
				DEBUG_INFORMATION_FORMAT = dwarf;
				ENABLE_STRICT_OBJC_MSGSEND = YES;
				ENABLE_TESTABILITY = YES;
				GCC_C_LANGUAGE_STANDARD = gnu11;
				GCC_DYNAMIC_NO_PIC = NO;
				GCC_NO_COMMON_BLOCKS = YES;
				GCC_OPTIMIZATION_LEVEL = 0;
				GCC_PREPROCESSOR_DEFINITIONS = (
					"DEBUG=1",
					"$(inherited)",
				);
				GCC_WARN_64_TO_32_BIT_CONVERSION = YES;
				GCC_WARN_ABOUT_RETURN_TYPE = YES_ERROR;
				GCC_WARN_UNDECLARED_SELECTOR = YES;
				GCC_WARN_UNINITIALIZED_AUTOS = YES_AGGRESSIVE;
				GCC_WARN_UNUSED_FUNCTION = YES;
				GCC_WARN_UNUSED_VARIABLE = YES;
				IPHONEOS_DEPLOYMENT_TARGET = 15.0;
				MTL_ENABLE_DEBUG_INFO = INCLUDE_SOURCE;
				MTL_FAST_MATH = YES;
				ONLY_ACTIVE_ARCH = YES;
				SDKROOT = iphoneos;
				SWIFT_ACTIVE_COMPILATION_CONDITIONS = DEBUG;
				SWIFT_OPTIMIZATION_LEVEL = "-Onone";
			};
			name = Debug;
		};
		61EA31B2275A247600AF136E /* Release */ = {
			isa = XCBuildConfiguration;
			buildSettings = {
				ALWAYS_SEARCH_USER_PATHS = NO;
				CLANG_ANALYZER_NONNULL = YES;
				CLANG_ANALYZER_NUMBER_OBJECT_CONVERSION = YES_AGGRESSIVE;
				CLANG_CXX_LANGUAGE_STANDARD = "gnu++17";
				CLANG_CXX_LIBRARY = "libc++";
				CLANG_ENABLE_MODULES = YES;
				CLANG_ENABLE_OBJC_ARC = YES;
				CLANG_ENABLE_OBJC_WEAK = YES;
				CLANG_WARN_BLOCK_CAPTURE_AUTORELEASING = YES;
				CLANG_WARN_BOOL_CONVERSION = YES;
				CLANG_WARN_COMMA = YES;
				CLANG_WARN_CONSTANT_CONVERSION = YES;
				CLANG_WARN_DEPRECATED_OBJC_IMPLEMENTATIONS = YES;
				CLANG_WARN_DIRECT_OBJC_ISA_USAGE = YES_ERROR;
				CLANG_WARN_DOCUMENTATION_COMMENTS = YES;
				CLANG_WARN_EMPTY_BODY = YES;
				CLANG_WARN_ENUM_CONVERSION = YES;
				CLANG_WARN_INFINITE_RECURSION = YES;
				CLANG_WARN_INT_CONVERSION = YES;
				CLANG_WARN_NON_LITERAL_NULL_CONVERSION = YES;
				CLANG_WARN_OBJC_IMPLICIT_RETAIN_SELF = YES;
				CLANG_WARN_OBJC_LITERAL_CONVERSION = YES;
				CLANG_WARN_OBJC_ROOT_CLASS = YES_ERROR;
				CLANG_WARN_QUOTED_INCLUDE_IN_FRAMEWORK_HEADER = YES;
				CLANG_WARN_RANGE_LOOP_ANALYSIS = YES;
				CLANG_WARN_STRICT_PROTOTYPES = YES;
				CLANG_WARN_SUSPICIOUS_MOVE = YES;
				CLANG_WARN_UNGUARDED_AVAILABILITY = YES_AGGRESSIVE;
				CLANG_WARN_UNREACHABLE_CODE = YES;
				CLANG_WARN__DUPLICATE_METHOD_MATCH = YES;
				COPY_PHASE_STRIP = NO;
				DEBUG_INFORMATION_FORMAT = "dwarf-with-dsym";
				ENABLE_NS_ASSERTIONS = NO;
				ENABLE_STRICT_OBJC_MSGSEND = YES;
				GCC_C_LANGUAGE_STANDARD = gnu11;
				GCC_NO_COMMON_BLOCKS = YES;
				GCC_WARN_64_TO_32_BIT_CONVERSION = YES;
				GCC_WARN_ABOUT_RETURN_TYPE = YES_ERROR;
				GCC_WARN_UNDECLARED_SELECTOR = YES;
				GCC_WARN_UNINITIALIZED_AUTOS = YES_AGGRESSIVE;
				GCC_WARN_UNUSED_FUNCTION = YES;
				GCC_WARN_UNUSED_VARIABLE = YES;
				IPHONEOS_DEPLOYMENT_TARGET = 15.0;
				MTL_ENABLE_DEBUG_INFO = NO;
				MTL_FAST_MATH = YES;
				SDKROOT = iphoneos;
				SWIFT_COMPILATION_MODE = wholemodule;
				SWIFT_OPTIMIZATION_LEVEL = "-O";
				VALIDATE_PRODUCT = YES;
			};
			name = Release;
		};
		61EA31B4275A247600AF136E /* Debug */ = {
			isa = XCBuildConfiguration;
			buildSettings = {
				ASSETCATALOG_COMPILER_APPICON_NAME = AppIcon;
				ASSETCATALOG_COMPILER_GLOBAL_ACCENT_COLOR_NAME = AccentColor;
				CODE_SIGN_STYLE = Automatic;
				CURRENT_PROJECT_VERSION = 1;
				DEVELOPMENT_ASSET_PATHS = "";
				DEVELOPMENT_TEAM = FK4VRNJVL7;
				ENABLE_PREVIEWS = YES;
				GENERATE_INFOPLIST_FILE = YES;
				INFOPLIST_KEY_UIApplicationSceneManifest_Generation = YES;
				INFOPLIST_KEY_UIApplicationSupportsIndirectInputEvents = YES;
				INFOPLIST_KEY_UILaunchScreen_Generation = YES;
				INFOPLIST_KEY_UISupportedInterfaceOrientations_iPad = "UIInterfaceOrientationPortrait UIInterfaceOrientationPortraitUpsideDown UIInterfaceOrientationLandscapeLeft UIInterfaceOrientationLandscapeRight";
				INFOPLIST_KEY_UISupportedInterfaceOrientations_iPhone = "UIInterfaceOrientationPortrait UIInterfaceOrientationLandscapeLeft UIInterfaceOrientationLandscapeRight";
				LD_RUNPATH_SEARCH_PATHS = (
					"$(inherited)",
					"@executable_path/Frameworks",
				);
				MARKETING_VERSION = 1.0;
				PRODUCT_BUNDLE_IDENTIFIER = me.apurin.Examples;
				PRODUCT_NAME = "$(TARGET_NAME)";
				SWIFT_EMIT_LOC_STRINGS = YES;
				SWIFT_VERSION = 5.0;
				TARGETED_DEVICE_FAMILY = "1,2";
			};
			name = Debug;
		};
		61EA31B5275A247600AF136E /* Release */ = {
			isa = XCBuildConfiguration;
			buildSettings = {
				ASSETCATALOG_COMPILER_APPICON_NAME = AppIcon;
				ASSETCATALOG_COMPILER_GLOBAL_ACCENT_COLOR_NAME = AccentColor;
				CODE_SIGN_STYLE = Automatic;
				CURRENT_PROJECT_VERSION = 1;
				DEVELOPMENT_ASSET_PATHS = "";
				DEVELOPMENT_TEAM = FK4VRNJVL7;
				ENABLE_PREVIEWS = YES;
				GENERATE_INFOPLIST_FILE = YES;
				INFOPLIST_KEY_UIApplicationSceneManifest_Generation = YES;
				INFOPLIST_KEY_UIApplicationSupportsIndirectInputEvents = YES;
				INFOPLIST_KEY_UILaunchScreen_Generation = YES;
				INFOPLIST_KEY_UISupportedInterfaceOrientations_iPad = "UIInterfaceOrientationPortrait UIInterfaceOrientationPortraitUpsideDown UIInterfaceOrientationLandscapeLeft UIInterfaceOrientationLandscapeRight";
				INFOPLIST_KEY_UISupportedInterfaceOrientations_iPhone = "UIInterfaceOrientationPortrait UIInterfaceOrientationLandscapeLeft UIInterfaceOrientationLandscapeRight";
				LD_RUNPATH_SEARCH_PATHS = (
					"$(inherited)",
					"@executable_path/Frameworks",
				);
				MARKETING_VERSION = 1.0;
				PRODUCT_BUNDLE_IDENTIFIER = me.apurin.Examples;
				PRODUCT_NAME = "$(TARGET_NAME)";
				SWIFT_EMIT_LOC_STRINGS = YES;
				SWIFT_VERSION = 5.0;
				TARGETED_DEVICE_FAMILY = "1,2";
			};
			name = Release;
		};
/* End XCBuildConfiguration section */

/* Begin XCConfigurationList section */
		61EA31A0275A247500AF136E /* Build configuration list for PBXProject "Examples" */ = {
			isa = XCConfigurationList;
			buildConfigurations = (
				61EA31B1275A247600AF136E /* Debug */,
				61EA31B2275A247600AF136E /* Release */,
			);
			defaultConfigurationIsVisible = 0;
			defaultConfigurationName = Release;
		};
		61EA31B3275A247600AF136E /* Build configuration list for PBXNativeTarget "Examples" */ = {
			isa = XCConfigurationList;
			buildConfigurations = (
				61EA31B4275A247600AF136E /* Debug */,
				61EA31B5275A247600AF136E /* Release */,
			);
			defaultConfigurationIsVisible = 0;
			defaultConfigurationName = Release;
		};
/* End XCConfigurationList section */

/* Begin XCSwiftPackageProductDependency section */
		61EA31D1275A2A1400AF136E /* UIViewPreview */ = {
			isa = XCSwiftPackageProductDependency;
			productName = UIViewPreview;
		};
/* End XCSwiftPackageProductDependency section */
	};
	rootObject = 61EA319D275A247500AF136E /* Project object */;
}
